
Microsoft Visual Studio Solution File, Format Version 12.00
# Visual Studio Version 17
VisualStudioVersion = 17.6.33712.159
MinimumVisualStudioVersion = 10.0.40219.1
Project("{9A19103F-16F7-4668-BE54-9A1E7A4F7556}") = "Components", "Components\Components.csproj", "{AE72642F-6562-4D1A-ACE3-27DD377FE84A}"
EndProject
Project("{9A19103F-16F7-4668-BE54-9A1E7A4F7556}") = "ImageDataExtractor", "ImageDataExtractor\ImageDataExtractor.csproj", "{52500563-550C-446E-8B4E-30955C2E5682}"
EndProject
Global
	GlobalSection(SolutionConfigurationPlatforms) = preSolution
		Debug|Any CPU = Debug|Any CPU
		Release|Any CPU = Release|Any CPU
	EndGlobalSection
	GlobalSection(ProjectConfigurationPlatforms) = postSolution
		{AE72642F-6562-4D1A-ACE3-27DD377FE84A}.Debug|Any CPU.ActiveCfg = Debug|Any CPU
		{AE72642F-6562-4D1A-ACE3-27DD377FE84A}.Debug|Any CPU.Build.0 = Debug|Any CPU
		{AE72642F-6562-4D1A-ACE3-27DD377FE84A}.Release|Any CPU.ActiveCfg = Release|Any CPU
		{AE72642F-6562-4D1A-ACE3-27DD377FE84A}.Release|Any CPU.Build.0 = Release|Any CPU
		{52500563-550C-446E-8B4E-30955C2E5682}.Debug|Any CPU.ActiveCfg = Debug|Any CPU
		{52500563-550C-446E-8B4E-30955C2E5682}.Debug|Any CPU.Build.0 = Debug|Any CPU
		{52500563-550C-446E-8B4E-30955C2E5682}.Release|Any CPU.ActiveCfg = Release|Any CPU
		{52500563-550C-446E-8B4E-30955C2E5682}.Release|Any CPU.Build.0 = Release|Any CPU
	EndGlobalSection
	GlobalSection(SolutionProperties) = preSolution
		HideSolutionNode = FALSE
	EndGlobalSection
	GlobalSection(ExtensibilityGlobals) = postSolution
		SolutionGuid = {500D7CA3-DEEF-4755-A49B-1A5F21020B8C}
	EndGlobalSection
EndGlobal
